
Microsoft Visual Studio Solution File, Format Version 11.00
# Visual C# Express 2010
Project("{FAE04EC0-301F-11D3-BF4B-00C04F79EFBC}") = "MyFirstApp", "MyFirstApp.csproj", "{B4E8466E-F190-4838-A417-BEC00A2CFEA5}"
EndProject
Global
	GlobalSection(SolutionConfigurationPlatforms) = preSolution
		Debug|x86 = Debug|x86
		Release|x86 = Release|x86
	EndGlobalSection
	GlobalSection(ProjectConfigurationPlatforms) = postSolution
		{B4E8466E-F190-4838-A417-BEC00A2CFEA5}.Debug|x86.ActiveCfg = Debug|x86
		{B4E8466E-F190-4838-A417-BEC00A2CFEA5}.Debug|x86.Build.0 = Debug|x86
		{B4E8466E-F190-4838-A417-BEC00A2CFEA5}.Release|x86.ActiveCfg = Release|x86
		{B4E8466E-F190-4838-A417-BEC00A2CFEA5}.Release|x86.Build.0 = Release|x86
	EndGlobalSection
	GlobalSection(SolutionProperties) = preSolution
		HideSolutionNode = FALSE
	EndGlobalSection
EndGlobal
